
Microsoft Visual Studio Solution File, Format Version 12.00
# Visual Studio Version 16
VisualStudioVersion = 16.0.31019.35
MinimumVisualStudioVersion = 15.0.26124.0
Project("{2150E333-8FDC-42A3-9474-1A3956D46DE8}") = "src", "src", "{6E98CC61-0449-4C03-BF43-69F53BE5578E}"
EndProject
Project("{2150E333-8FDC-42A3-9474-1A3956D46DE8}") = "Common", "Common", "{FCD8B039-7D9B-4DD3-B2AC-68AE9CDB7A90}"
EndProject
Project("{FAE04EC0-301F-11D3-BF4B-00C04F79EFBC}") = "DevTools.Contracts", "src\Common\DevTools.Contracts\DevTools.Contracts.csproj", "{24D17F9E-8649-4AB4-94C7-62336E83F03B}"
EndProject
Project("{2150E333-8FDC-42A3-9474-1A3956D46DE8}") = "Host", "Host", "{60A54ACE-5C99-42A4-A5C3-5DBE17FB457B}"
EndProject
Project("{FAE04EC0-301F-11D3-BF4B-00C04F79EFBC}") = "DevTools.Host", "src\Host\DevTools.Host\DevTools.Host.csproj", "{3A28D37A-7534-444C-874C-848BE21AA50F}"
EndProject
Global
	GlobalSection(SolutionProperties) = preSolution
		HideSolutionNode = FALSE
	EndGlobalSection
	GlobalSection(ExtensibilityGlobals) = postSolution
		SolutionGuid = {8C619966-D1E8-4A6C-9C51-D24C42EB4129}
	EndGlobalSection
	GlobalSection(SolutionConfigurationPlatforms) = preSolution
		Debug|Any CPU = Debug|Any CPU
		Debug|x64 = Debug|x64
		Debug|x86 = Debug|x86
		Release|Any CPU = Release|Any CPU
		Release|x64 = Release|x64
		Release|x86 = Release|x86
	EndGlobalSection
	GlobalSection(ProjectConfigurationPlatforms) = postSolution
		{24D17F9E-8649-4AB4-94C7-62336E83F03B}.Debug|Any CPU.ActiveCfg = Debug|Any CPU
		{24D17F9E-8649-4AB4-94C7-62336E83F03B}.Debug|Any CPU.Build.0 = Debug|Any CPU
		{24D17F9E-8649-4AB4-94C7-62336E83F03B}.Debug|x64.ActiveCfg = Debug|Any CPU
		{24D17F9E-8649-4AB4-94C7-62336E83F03B}.Debug|x64.Build.0 = Debug|Any CPU
		{24D17F9E-8649-4AB4-94C7-62336E83F03B}.Debug|x86.ActiveCfg = Debug|Any CPU
		{24D17F9E-8649-4AB4-94C7-62336E83F03B}.Debug|x86.Build.0 = Debug|Any CPU
		{24D17F9E-8649-4AB4-94C7-62336E83F03B}.Release|Any CPU.ActiveCfg = Release|Any CPU
		{24D17F9E-8649-4AB4-94C7-62336E83F03B}.Release|Any CPU.Build.0 = Release|Any CPU
		{24D17F9E-8649-4AB4-94C7-62336E83F03B}.Release|x64.ActiveCfg = Release|Any CPU
		{24D17F9E-8649-4AB4-94C7-62336E83F03B}.Release|x64.Build.0 = Release|Any CPU
		{24D17F9E-8649-4AB4-94C7-62336E83F03B}.Release|x86.ActiveCfg = Release|Any CPU
		{24D17F9E-8649-4AB4-94C7-62336E83F03B}.Release|x86.Build.0 = Release|Any CPU
		{3A28D37A-7534-444C-874C-848BE21AA50F}.Debug|Any CPU.ActiveCfg = Debug|Any CPU
		{3A28D37A-7534-444C-874C-848BE21AA50F}.Debug|Any CPU.Build.0 = Debug|Any CPU
		{3A28D37A-7534-444C-874C-848BE21AA50F}.Debug|x64.ActiveCfg = Debug|Any CPU
		{3A28D37A-7534-444C-874C-848BE21AA50F}.Debug|x64.Build.0 = Debug|Any CPU
		{3A28D37A-7534-444C-874C-848BE21AA50F}.Debug|x86.ActiveCfg = Debug|Any CPU
		{3A28D37A-7534-444C-874C-848BE21AA50F}.Debug|x86.Build.0 = Debug|Any CPU
		{3A28D37A-7534-444C-874C-848BE21AA50F}.Release|Any CPU.ActiveCfg = Release|Any CPU
		{3A28D37A-7534-444C-874C-848BE21AA50F}.Release|Any CPU.Build.0 = Release|Any CPU
		{3A28D37A-7534-444C-874C-848BE21AA50F}.Release|x64.ActiveCfg = Release|Any CPU
		{3A28D37A-7534-444C-874C-848BE21AA50F}.Release|x64.Build.0 = Release|Any CPU
		{3A28D37A-7534-444C-874C-848BE21AA50F}.Release|x86.ActiveCfg = Release|Any CPU
		{3A28D37A-7534-444C-874C-848BE21AA50F}.Release|x86.Build.0 = Release|Any CPU
	EndGlobalSection
	GlobalSection(NestedProjects) = preSolution
		{FCD8B039-7D9B-4DD3-B2AC-68AE9CDB7A90} = {6E98CC61-0449-4C03-BF43-69F53BE5578E}
		{24D17F9E-8649-4AB4-94C7-62336E83F03B} = {FCD8B039-7D9B-4DD3-B2AC-68AE9CDB7A90}
		{60A54ACE-5C99-42A4-A5C3-5DBE17FB457B} = {6E98CC61-0449-4C03-BF43-69F53BE5578E}
		{3A28D37A-7534-444C-874C-848BE21AA50F} = {60A54ACE-5C99-42A4-A5C3-5DBE17FB457B}
	EndGlobalSection
EndGlobal
