
Microsoft Visual Studio Solution File, Format Version 12.00
# Visual Studio Version 16
VisualStudioVersion = 16.0.31019.35
MinimumVisualStudioVersion = 15.0.26124.0
Project("{2150E333-8FDC-42A3-9474-1A3956D46DE8}") = "src", "src", "{31CA6747-DC07-4F20-B80F-89FBC22383ED}"
EndProject
Project("{2150E333-8FDC-42A3-9474-1A3956D46DE8}") = "app", "app", "{AE95AF72-D749-41F9-924D-F2DFC0EF496C}"
EndProject
Project("{2150E333-8FDC-42A3-9474-1A3956D46DE8}") = "wpf", "wpf", "{7462A236-F852-4C5C-9BB7-58E98AA07404}"
EndProject
Project("{9A19103F-16F7-4668-BE54-9A1E7A4F7556}") = "DevTools", "src\app\wpf\DevTools\DevTools.csproj", "{386D6EE4-1C00-409E-A8B3-81B2BB137E52}"
EndProject
Project("{2150E333-8FDC-42A3-9474-1A3956D46DE8}") = "lib", "lib", "{33F8CEEF-5134-48B6-B363-DEEC832016DC}"
EndProject
Project("{2150E333-8FDC-42A3-9474-1A3956D46DE8}") = "Core", "Core", "{A7FEE041-C17C-4A5E-9D49-A50EC4CDCB2A}"
EndProject
Project("{9A19103F-16F7-4668-BE54-9A1E7A4F7556}") = "DevTools.Core.Application.Extensions", "src\lib\Core\DevTools.Core.Appliation.Extensions\DevTools.Core.Application.Extensions.csproj", "{CD28DF49-19F0-4DCC-A780-AE3BE814CEA6}"
EndProject
Project("{2150E333-8FDC-42A3-9474-1A3956D46DE8}") = "Infrastructure", "Infrastructure", "{618FA4D5-5E2D-4A4D-B099-1649A72F797B}"
EndProject
Project("{9A19103F-16F7-4668-BE54-9A1E7A4F7556}") = "DevTools.Infrastructure.DataContext", "src\lib\Infrastructure\DevTools.Infrastructure.DataContext\DevTools.Infrastructure.DataContext.csproj", "{60058569-AB73-4E1F-A664-868A50E000E3}"
EndProject
Global
	GlobalSection(SolutionConfigurationPlatforms) = preSolution
		Debug|Any CPU = Debug|Any CPU
		Debug|x64 = Debug|x64
		Debug|x86 = Debug|x86
		Release|Any CPU = Release|Any CPU
		Release|x64 = Release|x64
		Release|x86 = Release|x86
	EndGlobalSection
	GlobalSection(ProjectConfigurationPlatforms) = postSolution
		{386D6EE4-1C00-409E-A8B3-81B2BB137E52}.Debug|Any CPU.ActiveCfg = Debug|Any CPU
		{386D6EE4-1C00-409E-A8B3-81B2BB137E52}.Debug|Any CPU.Build.0 = Debug|Any CPU
		{386D6EE4-1C00-409E-A8B3-81B2BB137E52}.Debug|x64.ActiveCfg = Debug|Any CPU
		{386D6EE4-1C00-409E-A8B3-81B2BB137E52}.Debug|x64.Build.0 = Debug|Any CPU
		{386D6EE4-1C00-409E-A8B3-81B2BB137E52}.Debug|x86.ActiveCfg = Debug|Any CPU
		{386D6EE4-1C00-409E-A8B3-81B2BB137E52}.Debug|x86.Build.0 = Debug|Any CPU
		{386D6EE4-1C00-409E-A8B3-81B2BB137E52}.Release|Any CPU.ActiveCfg = Release|Any CPU
		{386D6EE4-1C00-409E-A8B3-81B2BB137E52}.Release|Any CPU.Build.0 = Release|Any CPU
		{386D6EE4-1C00-409E-A8B3-81B2BB137E52}.Release|x64.ActiveCfg = Release|Any CPU
		{386D6EE4-1C00-409E-A8B3-81B2BB137E52}.Release|x64.Build.0 = Release|Any CPU
		{386D6EE4-1C00-409E-A8B3-81B2BB137E52}.Release|x86.ActiveCfg = Release|Any CPU
		{386D6EE4-1C00-409E-A8B3-81B2BB137E52}.Release|x86.Build.0 = Release|Any CPU
		{CD28DF49-19F0-4DCC-A780-AE3BE814CEA6}.Debug|Any CPU.ActiveCfg = Debug|Any CPU
		{CD28DF49-19F0-4DCC-A780-AE3BE814CEA6}.Debug|Any CPU.Build.0 = Debug|Any CPU
		{CD28DF49-19F0-4DCC-A780-AE3BE814CEA6}.Debug|x64.ActiveCfg = Debug|Any CPU
		{CD28DF49-19F0-4DCC-A780-AE3BE814CEA6}.Debug|x64.Build.0 = Debug|Any CPU
		{CD28DF49-19F0-4DCC-A780-AE3BE814CEA6}.Debug|x86.ActiveCfg = Debug|Any CPU
		{CD28DF49-19F0-4DCC-A780-AE3BE814CEA6}.Debug|x86.Build.0 = Debug|Any CPU
		{CD28DF49-19F0-4DCC-A780-AE3BE814CEA6}.Release|Any CPU.ActiveCfg = Release|Any CPU
		{CD28DF49-19F0-4DCC-A780-AE3BE814CEA6}.Release|Any CPU.Build.0 = Release|Any CPU
		{CD28DF49-19F0-4DCC-A780-AE3BE814CEA6}.Release|x64.ActiveCfg = Release|Any CPU
		{CD28DF49-19F0-4DCC-A780-AE3BE814CEA6}.Release|x64.Build.0 = Release|Any CPU
		{CD28DF49-19F0-4DCC-A780-AE3BE814CEA6}.Release|x86.ActiveCfg = Release|Any CPU
		{CD28DF49-19F0-4DCC-A780-AE3BE814CEA6}.Release|x86.Build.0 = Release|Any CPU
		{60058569-AB73-4E1F-A664-868A50E000E3}.Debug|Any CPU.ActiveCfg = Debug|Any CPU
		{60058569-AB73-4E1F-A664-868A50E000E3}.Debug|Any CPU.Build.0 = Debug|Any CPU
		{60058569-AB73-4E1F-A664-868A50E000E3}.Debug|x64.ActiveCfg = Debug|Any CPU
		{60058569-AB73-4E1F-A664-868A50E000E3}.Debug|x64.Build.0 = Debug|Any CPU
		{60058569-AB73-4E1F-A664-868A50E000E3}.Debug|x86.ActiveCfg = Debug|Any CPU
		{60058569-AB73-4E1F-A664-868A50E000E3}.Debug|x86.Build.0 = Debug|Any CPU
		{60058569-AB73-4E1F-A664-868A50E000E3}.Release|Any CPU.ActiveCfg = Release|Any CPU
		{60058569-AB73-4E1F-A664-868A50E000E3}.Release|Any CPU.Build.0 = Release|Any CPU
		{60058569-AB73-4E1F-A664-868A50E000E3}.Release|x64.ActiveCfg = Release|Any CPU
		{60058569-AB73-4E1F-A664-868A50E000E3}.Release|x64.Build.0 = Release|Any CPU
		{60058569-AB73-4E1F-A664-868A50E000E3}.Release|x86.ActiveCfg = Release|Any CPU
		{60058569-AB73-4E1F-A664-868A50E000E3}.Release|x86.Build.0 = Release|Any CPU
	EndGlobalSection
	GlobalSection(SolutionProperties) = preSolution
		HideSolutionNode = FALSE
	EndGlobalSection
	GlobalSection(NestedProjects) = preSolution
		{AE95AF72-D749-41F9-924D-F2DFC0EF496C} = {31CA6747-DC07-4F20-B80F-89FBC22383ED}
		{7462A236-F852-4C5C-9BB7-58E98AA07404} = {AE95AF72-D749-41F9-924D-F2DFC0EF496C}
		{386D6EE4-1C00-409E-A8B3-81B2BB137E52} = {7462A236-F852-4C5C-9BB7-58E98AA07404}
		{33F8CEEF-5134-48B6-B363-DEEC832016DC} = {31CA6747-DC07-4F20-B80F-89FBC22383ED}
		{A7FEE041-C17C-4A5E-9D49-A50EC4CDCB2A} = {33F8CEEF-5134-48B6-B363-DEEC832016DC}
		{CD28DF49-19F0-4DCC-A780-AE3BE814CEA6} = {A7FEE041-C17C-4A5E-9D49-A50EC4CDCB2A}
		{618FA4D5-5E2D-4A4D-B099-1649A72F797B} = {33F8CEEF-5134-48B6-B363-DEEC832016DC}
		{60058569-AB73-4E1F-A664-868A50E000E3} = {618FA4D5-5E2D-4A4D-B099-1649A72F797B}
	EndGlobalSection
	GlobalSection(ExtensibilityGlobals) = postSolution
		SolutionGuid = {8C619966-D1E8-4A6C-9C51-D24C42EB4129}
	EndGlobalSection
EndGlobal
