
Microsoft Visual Studio Solution File, Format Version 12.00
# Visual Studio Version 16
VisualStudioVersion = 16.6.30114.105
MinimumVisualStudioVersion = 10.0.40219.1
Project("{2150E333-8FDC-42A3-9474-1A3956D46DE8}") = "src", "src", "{D00FA315-95C9-478B-9646-0F3E0E8168FF}"
EndProject
Project("{2150E333-8FDC-42A3-9474-1A3956D46DE8}") = "Plugins", "Plugins", "{10B20054-6AA0-4266-9297-7BB8197B2AD0}"
EndProject
Project("{FAE04EC0-301F-11D3-BF4B-00C04F79EFBC}") = "DevTools.Base64Conversions.Plugin", "src\Plugins\DevTools.Base64Conversions.Plugin\DevTools.Base64Conversions.Plugin.csproj", "{ADD009D4-F847-41BB-BC25-89553636EEE3}"
EndProject
Project("{FAE04EC0-301F-11D3-BF4B-00C04F79EFBC}") = "DevTools.XPath.Eval.Plugin", "src\Plugins\DevTools.XPath.Eval.Plugin\DevTools.XPath.Eval.Plugin.csproj", "{70297720-D81F-4D91-A0AB-2CF5F06D9105}"
EndProject
Global
	GlobalSection(SolutionConfigurationPlatforms) = preSolution
		Debug|Any CPU = Debug|Any CPU
		Debug|x64 = Debug|x64
		Debug|x86 = Debug|x86
		Release|Any CPU = Release|Any CPU
		Release|x64 = Release|x64
		Release|x86 = Release|x86
	EndGlobalSection
	GlobalSection(SolutionProperties) = preSolution
		HideSolutionNode = FALSE
	EndGlobalSection
	GlobalSection(ProjectConfigurationPlatforms) = postSolution
		{ADD009D4-F847-41BB-BC25-89553636EEE3}.Debug|Any CPU.ActiveCfg = Debug|Any CPU
		{ADD009D4-F847-41BB-BC25-89553636EEE3}.Debug|Any CPU.Build.0 = Debug|Any CPU
		{ADD009D4-F847-41BB-BC25-89553636EEE3}.Debug|x64.ActiveCfg = Debug|Any CPU
		{ADD009D4-F847-41BB-BC25-89553636EEE3}.Debug|x64.Build.0 = Debug|Any CPU
		{ADD009D4-F847-41BB-BC25-89553636EEE3}.Debug|x86.ActiveCfg = Debug|Any CPU
		{ADD009D4-F847-41BB-BC25-89553636EEE3}.Debug|x86.Build.0 = Debug|Any CPU
		{ADD009D4-F847-41BB-BC25-89553636EEE3}.Release|Any CPU.ActiveCfg = Release|Any CPU
		{ADD009D4-F847-41BB-BC25-89553636EEE3}.Release|Any CPU.Build.0 = Release|Any CPU
		{ADD009D4-F847-41BB-BC25-89553636EEE3}.Release|x64.ActiveCfg = Release|Any CPU
		{ADD009D4-F847-41BB-BC25-89553636EEE3}.Release|x64.Build.0 = Release|Any CPU
		{ADD009D4-F847-41BB-BC25-89553636EEE3}.Release|x86.ActiveCfg = Release|Any CPU
		{ADD009D4-F847-41BB-BC25-89553636EEE3}.Release|x86.Build.0 = Release|Any CPU
		{70297720-D81F-4D91-A0AB-2CF5F06D9105}.Debug|Any CPU.ActiveCfg = Debug|Any CPU
		{70297720-D81F-4D91-A0AB-2CF5F06D9105}.Debug|Any CPU.Build.0 = Debug|Any CPU
		{70297720-D81F-4D91-A0AB-2CF5F06D9105}.Debug|x64.ActiveCfg = Debug|Any CPU
		{70297720-D81F-4D91-A0AB-2CF5F06D9105}.Debug|x64.Build.0 = Debug|Any CPU
		{70297720-D81F-4D91-A0AB-2CF5F06D9105}.Debug|x86.ActiveCfg = Debug|Any CPU
		{70297720-D81F-4D91-A0AB-2CF5F06D9105}.Debug|x86.Build.0 = Debug|Any CPU
		{70297720-D81F-4D91-A0AB-2CF5F06D9105}.Release|Any CPU.ActiveCfg = Release|Any CPU
		{70297720-D81F-4D91-A0AB-2CF5F06D9105}.Release|Any CPU.Build.0 = Release|Any CPU
		{70297720-D81F-4D91-A0AB-2CF5F06D9105}.Release|x64.ActiveCfg = Release|Any CPU
		{70297720-D81F-4D91-A0AB-2CF5F06D9105}.Release|x64.Build.0 = Release|Any CPU
		{70297720-D81F-4D91-A0AB-2CF5F06D9105}.Release|x86.ActiveCfg = Release|Any CPU
		{70297720-D81F-4D91-A0AB-2CF5F06D9105}.Release|x86.Build.0 = Release|Any CPU
	EndGlobalSection
	GlobalSection(NestedProjects) = preSolution
		{10B20054-6AA0-4266-9297-7BB8197B2AD0} = {D00FA315-95C9-478B-9646-0F3E0E8168FF}
		{ADD009D4-F847-41BB-BC25-89553636EEE3} = {10B20054-6AA0-4266-9297-7BB8197B2AD0}
		{70297720-D81F-4D91-A0AB-2CF5F06D9105} = {10B20054-6AA0-4266-9297-7BB8197B2AD0}
	EndGlobalSection
EndGlobal
