
Microsoft Visual Studio Solution File, Format Version 12.00
# Visual Studio Version 16
VisualStudioVersion = 16.0.31019.35
MinimumVisualStudioVersion = 15.0.26124.0
Project("{2150E333-8FDC-42A3-9474-1A3956D46DE8}") = "src", "src", "{31CA6747-DC07-4F20-B80F-89FBC22383ED}"
EndProject
Project("{2150E333-8FDC-42A3-9474-1A3956D46DE8}") = "wpf", "wpf", "{CAAD578F-9838-4869-A968-B4CFFA080324}"
EndProject
Project("{9A19103F-16F7-4668-BE54-9A1E7A4F7556}") = "DevTools.Contracts", "src\wpf\DevTools.Contracts\DevTools.Contracts.csproj", "{CF551241-9581-4284-BABA-EDDD1DBBC507}"
EndProject
Project("{9A19103F-16F7-4668-BE54-9A1E7A4F7556}") = "DevTools.Host", "src\wpf\DevTools.Host\DevTools.Host.csproj", "{3D1F8DA9-614E-426C-A163-190ABF06BDAD}"
EndProject
Project("{9A19103F-16F7-4668-BE54-9A1E7A4F7556}") = "DevTools.Base64Conversions.Plugin", "src\Plugins\DevTools.Base64Conversions.Plugin\DevTools.Base64Conversions.Plugin.csproj", "{D61F54F4-46D8-4EE1-B337-2B16B4736415}"
EndProject
Global
	GlobalSection(SolutionConfigurationPlatforms) = preSolution
		Debug|Any CPU = Debug|Any CPU
		Debug|x64 = Debug|x64
		Debug|x86 = Debug|x86
		Release|Any CPU = Release|Any CPU
		Release|x64 = Release|x64
		Release|x86 = Release|x86
	EndGlobalSection
	GlobalSection(ProjectConfigurationPlatforms) = postSolution
		{CF551241-9581-4284-BABA-EDDD1DBBC507}.Debug|Any CPU.ActiveCfg = Debug|Any CPU
		{CF551241-9581-4284-BABA-EDDD1DBBC507}.Debug|Any CPU.Build.0 = Debug|Any CPU
		{CF551241-9581-4284-BABA-EDDD1DBBC507}.Debug|x64.ActiveCfg = Debug|Any CPU
		{CF551241-9581-4284-BABA-EDDD1DBBC507}.Debug|x64.Build.0 = Debug|Any CPU
		{CF551241-9581-4284-BABA-EDDD1DBBC507}.Debug|x86.ActiveCfg = Debug|Any CPU
		{CF551241-9581-4284-BABA-EDDD1DBBC507}.Debug|x86.Build.0 = Debug|Any CPU
		{CF551241-9581-4284-BABA-EDDD1DBBC507}.Release|Any CPU.ActiveCfg = Release|Any CPU
		{CF551241-9581-4284-BABA-EDDD1DBBC507}.Release|Any CPU.Build.0 = Release|Any CPU
		{CF551241-9581-4284-BABA-EDDD1DBBC507}.Release|x64.ActiveCfg = Release|Any CPU
		{CF551241-9581-4284-BABA-EDDD1DBBC507}.Release|x64.Build.0 = Release|Any CPU
		{CF551241-9581-4284-BABA-EDDD1DBBC507}.Release|x86.ActiveCfg = Release|Any CPU
		{CF551241-9581-4284-BABA-EDDD1DBBC507}.Release|x86.Build.0 = Release|Any CPU
		{3D1F8DA9-614E-426C-A163-190ABF06BDAD}.Debug|Any CPU.ActiveCfg = Debug|Any CPU
		{3D1F8DA9-614E-426C-A163-190ABF06BDAD}.Debug|Any CPU.Build.0 = Debug|Any CPU
		{3D1F8DA9-614E-426C-A163-190ABF06BDAD}.Debug|x64.ActiveCfg = Debug|Any CPU
		{3D1F8DA9-614E-426C-A163-190ABF06BDAD}.Debug|x64.Build.0 = Debug|Any CPU
		{3D1F8DA9-614E-426C-A163-190ABF06BDAD}.Debug|x86.ActiveCfg = Debug|Any CPU
		{3D1F8DA9-614E-426C-A163-190ABF06BDAD}.Debug|x86.Build.0 = Debug|Any CPU
		{3D1F8DA9-614E-426C-A163-190ABF06BDAD}.Release|Any CPU.ActiveCfg = Release|Any CPU
		{3D1F8DA9-614E-426C-A163-190ABF06BDAD}.Release|Any CPU.Build.0 = Release|Any CPU
		{3D1F8DA9-614E-426C-A163-190ABF06BDAD}.Release|x64.ActiveCfg = Release|Any CPU
		{3D1F8DA9-614E-426C-A163-190ABF06BDAD}.Release|x64.Build.0 = Release|Any CPU
		{3D1F8DA9-614E-426C-A163-190ABF06BDAD}.Release|x86.ActiveCfg = Release|Any CPU
		{3D1F8DA9-614E-426C-A163-190ABF06BDAD}.Release|x86.Build.0 = Release|Any CPU
		{D61F54F4-46D8-4EE1-B337-2B16B4736415}.Debug|Any CPU.ActiveCfg = Debug|Any CPU
		{D61F54F4-46D8-4EE1-B337-2B16B4736415}.Debug|Any CPU.Build.0 = Debug|Any CPU
		{D61F54F4-46D8-4EE1-B337-2B16B4736415}.Debug|x64.ActiveCfg = Debug|Any CPU
		{D61F54F4-46D8-4EE1-B337-2B16B4736415}.Debug|x64.Build.0 = Debug|Any CPU
		{D61F54F4-46D8-4EE1-B337-2B16B4736415}.Debug|x86.ActiveCfg = Debug|Any CPU
		{D61F54F4-46D8-4EE1-B337-2B16B4736415}.Debug|x86.Build.0 = Debug|Any CPU
		{D61F54F4-46D8-4EE1-B337-2B16B4736415}.Release|Any CPU.ActiveCfg = Release|Any CPU
		{D61F54F4-46D8-4EE1-B337-2B16B4736415}.Release|Any CPU.Build.0 = Release|Any CPU
		{D61F54F4-46D8-4EE1-B337-2B16B4736415}.Release|x64.ActiveCfg = Release|Any CPU
		{D61F54F4-46D8-4EE1-B337-2B16B4736415}.Release|x64.Build.0 = Release|Any CPU
		{D61F54F4-46D8-4EE1-B337-2B16B4736415}.Release|x86.ActiveCfg = Release|Any CPU
		{D61F54F4-46D8-4EE1-B337-2B16B4736415}.Release|x86.Build.0 = Release|Any CPU
	EndGlobalSection
	GlobalSection(SolutionProperties) = preSolution
		HideSolutionNode = FALSE
	EndGlobalSection
	GlobalSection(NestedProjects) = preSolution
		{CAAD578F-9838-4869-A968-B4CFFA080324} = {31CA6747-DC07-4F20-B80F-89FBC22383ED}
		{CF551241-9581-4284-BABA-EDDD1DBBC507} = {CAAD578F-9838-4869-A968-B4CFFA080324}
		{3D1F8DA9-614E-426C-A163-190ABF06BDAD} = {CAAD578F-9838-4869-A968-B4CFFA080324}
	EndGlobalSection
	GlobalSection(ExtensibilityGlobals) = postSolution
		SolutionGuid = {8C619966-D1E8-4A6C-9C51-D24C42EB4129}
	EndGlobalSection
EndGlobal
